
Microsoft Visual Studio Solution File, Format Version 12.00
# Visual Studio Version 16
VisualStudioVersion = 25.0.1704.1
MinimumVisualStudioVersion = 10.0.40219.1
Project("{FAE04EC0-301F-11D3-BF4B-00C04F79EFBC}") = "FiveCandidatesTask1", "FiveCandidatesTask1\FiveCandidatesTask1.csproj", "{91BC5441-C030-4077-8710-FC27A2B65B9B}"
EndProject
Global
	GlobalSection(SolutionConfigurationPlatforms) = preSolution
		Debug|Any CPU = Debug|Any CPU
		Release|Any CPU = Release|Any CPU
	EndGlobalSection
	GlobalSection(ProjectConfigurationPlatforms) = postSolution
		{91BC5441-C030-4077-8710-FC27A2B65B9B}.Debug|Any CPU.ActiveCfg = Debug|Any CPU
		{91BC5441-C030-4077-8710-FC27A2B65B9B}.Debug|Any CPU.Build.0 = Debug|Any CPU
		{91BC5441-C030-4077-8710-FC27A2B65B9B}.Release|Any CPU.ActiveCfg = Release|Any CPU
		{91BC5441-C030-4077-8710-FC27A2B65B9B}.Release|Any CPU.Build.0 = Release|Any CPU
	EndGlobalSection
	GlobalSection(SolutionProperties) = preSolution
		HideSolutionNode = FALSE
	EndGlobalSection
	GlobalSection(ExtensibilityGlobals) = postSolution
		SolutionGuid = {44AB6E63-E255-4E95-ADC3-9590AC73DC32}
	EndGlobalSection
EndGlobal
